// !$*UTF8*$!
{ archiveVersion = 1; classes = {}; objectVersion = 56; objects = {
2B5347C69DF89FDD01FFB25E = { isa = PBXFileReference; lastKnownFileType = sourcecode.swift; path = "APIClient.swift"; sourceTree = "<group>"; };
72B94A439FA16CE34ADCD5F7 = { isa = PBXBuildFile; fileRef = 2B5347C69DF89FDD01FFB25E; };
A594BF3403342867551FF997 = { isa = PBXFileReference; lastKnownFileType = sourcecode.swift; path = "AccountServices.swift"; sourceTree = "<group>"; };
C9EACE600B212069D344D0F0 = { isa = PBXBuildFile; fileRef = A594BF3403342867551FF997; };
09D0AE97EB146CB4AF71E000 = { isa = PBXFileReference; lastKnownFileType = sourcecode.swift; path = "AppStore.swift"; sourceTree = "<group>"; };
62D168663CE0664E79905E49 = { isa = PBXBuildFile; fileRef = 09D0AE97EB146CB4AF71E000; };
F1FCA283AAB1F821AE384FE6 = { isa = PBXFileReference; lastKnownFileType = sourcecode.swift; path = "CareerView.swift"; sourceTree = "<group>"; };
7B5855D5703046199F498CB0 = { isa = PBXBuildFile; fileRef = F1FCA283AAB1F821AE384FE6; };
44A7D7D40BB37574897B270C = { isa = PBXFileReference; lastKnownFileType = sourcecode.swift; path = "CitySelection.swift"; sourceTree = "<group>"; };
1009714BF972C90B4B9259B7 = { isa = PBXBuildFile; fileRef = 44A7D7D40BB37574897B270C; };
2111B72F7F943A941300CC12 = { isa = PBXFileReference; lastKnownFileType = sourcecode.swift; path = "CommunityConversation.swift"; sourceTree = "<group>"; };
26E87DDD71A35557CE95A45D = { isa = PBXBuildFile; fileRef = 2111B72F7F943A941300CC12; };
AEDB3319700861BD81BFFCAF = { isa = PBXFileReference; lastKnownFileType = sourcecode.swift; path = "CommunityModels.swift"; sourceTree = "<group>"; };
6B9811D9A7EEFD28D09BEA85 = { isa = PBXBuildFile; fileRef = AEDB3319700861BD81BFFCAF; };
90071E8DA8BF0BE4052A10D3 = { isa = PBXFileReference; lastKnownFileType = sourcecode.swift; path = "CommunityView.swift"; sourceTree = "<group>"; };
798EB782233D8A451AFF516D = { isa = PBXBuildFile; fileRef = 90071E8DA8BF0BE4052A10D3; };
DBE2E5E5F5282A6C00AA23ED = { isa = PBXFileReference; lastKnownFileType = sourcecode.swift; path = "DirectoryView.swift"; sourceTree = "<group>"; };
F446FE6275E81746D80777DC = { isa = PBXBuildFile; fileRef = DBE2E5E5F5282A6C00AA23ED; };
65982FA06DA2224AE0613717 = { isa = PBXFileReference; lastKnownFileType = sourcecode.swift; path = "DiscoveryView.swift"; sourceTree = "<group>"; };
BD1524A44C49879482CA915F = { isa = PBXBuildFile; fileRef = 65982FA06DA2224AE0613717; };
4F07B6E6B50448B0134BD4A5 = { isa = PBXFileReference; lastKnownFileType = sourcecode.swift; path = "DroneMatchApp.swift"; sourceTree = "<group>"; };
56488A4075ADEBC8286EA174 = { isa = PBXBuildFile; fileRef = 4F07B6E6B50448B0134BD4A5; };
3B638011E2909BC68FDEE2E3 = { isa = PBXFileReference; lastKnownFileType = sourcecode.swift; path = "HomeContentModels.swift"; sourceTree = "<group>"; };
29D01252B4E072A5B0BF1993 = { isa = PBXBuildFile; fileRef = 3B638011E2909BC68FDEE2E3; };
27AC789EE49E5EDFC6DAB488 = { isa = PBXFileReference; lastKnownFileType = sourcecode.swift; path = "HomeHighlights.swift"; sourceTree = "<group>"; };
66490302F70DEFBDFF5FD534 = { isa = PBXBuildFile; fileRef = 27AC789EE49E5EDFC6DAB488; };
5420869B93AA8C8198B23B2E = { isa = PBXFileReference; lastKnownFileType = sourcecode.swift; path = "HomeView.swift"; sourceTree = "<group>"; };
95140CBCBF751AA7F548E156 = { isa = PBXBuildFile; fileRef = 5420869B93AA8C8198B23B2E; };
E0EC49C0E8D6D6647E2297C2 = { isa = PBXFileReference; lastKnownFileType = sourcecode.swift; path = "MatchScheduleView.swift"; sourceTree = "<group>"; };
BB3FDC42B908775055A42EC1 = { isa = PBXBuildFile; fileRef = E0EC49C0E8D6D6647E2297C2; };
F719B4D5CCDB49CD21A429D2 = { isa = PBXFileReference; lastKnownFileType = sourcecode.swift; path = "MobileComponents.swift"; sourceTree = "<group>"; };
9683C7775B1E374784834851 = { isa = PBXBuildFile; fileRef = F719B4D5CCDB49CD21A429D2; };
78FD430803560F137BDECEE8 = { isa = PBXFileReference; lastKnownFileType = sourcecode.swift; path = "Models.swift"; sourceTree = "<group>"; };
C28E3B592A560C32484F497E = { isa = PBXBuildFile; fileRef = 78FD430803560F137BDECEE8; };
421EC89C6E567843D26CD590 = { isa = PBXFileReference; lastKnownFileType = sourcecode.swift; path = "ProfileView.swift"; sourceTree = "<group>"; };
4264D74FD1634DCC28B0149E = { isa = PBXBuildFile; fileRef = 421EC89C6E567843D26CD590; };
25C9ECB88199D08B5E7DD54D = { isa = PBXFileReference; lastKnownFileType = sourcecode.swift; path = "TeamsView.swift"; sourceTree = "<group>"; };
9977643FE60AC7002ED34599 = { isa = PBXBuildFile; fileRef = 25C9ECB88199D08B5E7DD54D; };
849CDE5CC69441AD4711FFD8 = { isa = PBXFileReference; lastKnownFileType = sourcecode.swift; path = "TournamentDetail.swift"; sourceTree = "<group>"; };
41E37BCF7FB6D092593170B2 = { isa = PBXBuildFile; fileRef = 849CDE5CC69441AD4711FFD8; };
DC11412D5133FF24ACA5A7BD = { isa = PBXFileReference; lastKnownFileType = sourcecode.swift; path = "VideoLibraryView.swift"; sourceTree = "<group>"; };
2DF9AFC202FF276D4FB8C5A1 = { isa = PBXBuildFile; fileRef = DC11412D5133FF24ACA5A7BD; };
BCE16DD0260827ECF338C787 = { isa = PBXSourcesBuildPhase; buildActionMask = 2147483647; files = (72B94A439FA16CE34ADCD5F7,C9EACE600B212069D344D0F0,62D168663CE0664E79905E49,7B5855D5703046199F498CB0,1009714BF972C90B4B9259B7,26E87DDD71A35557CE95A45D,6B9811D9A7EEFD28D09BEA85,798EB782233D8A451AFF516D,F446FE6275E81746D80777DC,BD1524A44C49879482CA915F,56488A4075ADEBC8286EA174,29D01252B4E072A5B0BF1993,66490302F70DEFBDFF5FD534,95140CBCBF751AA7F548E156,BB3FDC42B908775055A42EC1,9683C7775B1E374784834851,C28E3B592A560C32484F497E,4264D74FD1634DCC28B0149E,9977643FE60AC7002ED34599,41E37BCF7FB6D092593170B2,2DF9AFC202FF276D4FB8C5A1); runOnlyForDeploymentPostprocessing = 0; };
7561BFB015D8F536760CB671 = { isa = PBXFrameworksBuildPhase; buildActionMask = 2147483647; files = (); runOnlyForDeploymentPostprocessing = 0; };
BB362A46A483F3F8C993EC45 = { isa = PBXFileReference; lastKnownFileType = folder; path = Media; sourceTree = "<group>"; };
05E7F5AE1BBC15AAF429645E = { isa = PBXBuildFile; fileRef = BB362A46A483F3F8C993EC45; };
0189424A5A60FED329FA868E = { isa = PBXResourcesBuildPhase; buildActionMask = 2147483647; files = (05E7F5AE1BBC15AAF429645E); runOnlyForDeploymentPostprocessing = 0; };
7D1043473D55BFA90E8530D3 = { isa = PBXFileReference; explicitFileType = wrapper.application; includeInIndex = 0; path = DroneMatch.app; sourceTree = BUILT_PRODUCTS_DIR; };
1BDBD24583AAF7F81F76B976 = { isa = PBXGroup; children = (2B5347C69DF89FDD01FFB25E,A594BF3403342867551FF997,09D0AE97EB146CB4AF71E000,F1FCA283AAB1F821AE384FE6,44A7D7D40BB37574897B270C,2111B72F7F943A941300CC12,AEDB3319700861BD81BFFCAF,90071E8DA8BF0BE4052A10D3,DBE2E5E5F5282A6C00AA23ED,65982FA06DA2224AE0613717,4F07B6E6B50448B0134BD4A5,3B638011E2909BC68FDEE2E3,27AC789EE49E5EDFC6DAB488,5420869B93AA8C8198B23B2E,E0EC49C0E8D6D6647E2297C2,F719B4D5CCDB49CD21A429D2,78FD430803560F137BDECEE8,421EC89C6E567843D26CD590,25C9ECB88199D08B5E7DD54D,849CDE5CC69441AD4711FFD8,DC11412D5133FF24ACA5A7BD,BB362A46A483F3F8C993EC45); path = DroneMatch; sourceTree = "<group>"; };
FBDC4F23F93125BBEEAE800C = { isa = PBXGroup; children = (7D1043473D55BFA90E8530D3); name = Products; sourceTree = "<group>"; };
DC76E9F0C0006E8F919E0C51 = { isa = PBXGroup; children = (1BDBD24583AAF7F81F76B976,FBDC4F23F93125BBEEAE800C); sourceTree = "<group>"; };
89E1FD6268CC0F221A2BE178 = { isa = XCBuildConfiguration; name = Debug; buildSettings = { SDKROOT = iphoneos; IPHONEOS_DEPLOYMENT_TARGET = 17.0; SWIFT_VERSION = 5.0; CLANG_ENABLE_MODULES = YES; SWIFT_OPTIMIZATION_LEVEL = "-Onone"; }; };
7082CC0B6FC1282FCEABD07A = { isa = XCBuildConfiguration; name = Debug; buildSettings = {
      PRODUCT_BUNDLE_IDENTIFIER = com.dronematch.local; PRODUCT_NAME = "$(TARGET_NAME)";
      INFOPLIST_FILE = DroneMatch/Info.plist; GENERATE_INFOPLIST_FILE = NO;
      TARGETED_DEVICE_FAMILY = "1,2"; CURRENT_PROJECT_VERSION = 1; MARKETING_VERSION = 0.1.0;
      CODE_SIGN_STYLE = Automatic; SWIFT_EMIT_LOC_STRINGS = YES;
      "CODE_SIGN_ENTITLEMENTS[sdk=iphonesimulator*]" = DroneMatch/Simulator.entitlements;
      SUPPORTED_PLATFORMS = "iphoneos iphonesimulator";
      ENABLE_USER_SCRIPT_SANDBOXING = YES;
      SWIFT_ACTIVE_COMPILATION_CONDITIONS = "DEBUG";
    }; };
E6DE6C99132752C914FEF632 = { isa = XCBuildConfiguration; name = Release; buildSettings = { SDKROOT = iphoneos; IPHONEOS_DEPLOYMENT_TARGET = 17.0; SWIFT_VERSION = 5.0; CLANG_ENABLE_MODULES = YES; SWIFT_OPTIMIZATION_LEVEL = "-O"; }; };
639A7CA24D39909E713B47F7 = { isa = XCBuildConfiguration; name = Release; buildSettings = {
      PRODUCT_BUNDLE_IDENTIFIER = com.dronematch.local; PRODUCT_NAME = "$(TARGET_NAME)";
      INFOPLIST_FILE = DroneMatch/Info.plist; GENERATE_INFOPLIST_FILE = NO;
      TARGETED_DEVICE_FAMILY = "1,2"; CURRENT_PROJECT_VERSION = 1; MARKETING_VERSION = 0.1.0;
      CODE_SIGN_STYLE = Automatic; SWIFT_EMIT_LOC_STRINGS = YES;
      "CODE_SIGN_ENTITLEMENTS[sdk=iphonesimulator*]" = DroneMatch/Simulator.entitlements;
      SUPPORTED_PLATFORMS = "iphoneos iphonesimulator";
      ENABLE_USER_SCRIPT_SANDBOXING = YES;
      SWIFT_ACTIVE_COMPILATION_CONDITIONS = "";
    }; };
65F43380A7FDA05CA228D639 = { isa = XCConfigurationList; buildConfigurations = (89E1FD6268CC0F221A2BE178,E6DE6C99132752C914FEF632); defaultConfigurationIsVisible = 0; defaultConfigurationName = Release; };
F5B252E79B5260B7FAA19738 = { isa = XCConfigurationList; buildConfigurations = (7082CC0B6FC1282FCEABD07A,639A7CA24D39909E713B47F7); defaultConfigurationIsVisible = 0; defaultConfigurationName = Release; };
0E8A3AD980EC179856012B7E = { isa = PBXNativeTarget; buildConfigurationList = F5B252E79B5260B7FAA19738; buildPhases = (BCE16DD0260827ECF338C787,7561BFB015D8F536760CB671,0189424A5A60FED329FA868E); buildRules = (); dependencies = (); name = DroneMatch; productName = DroneMatch; productReference = 7D1043473D55BFA90E8530D3; productType = "com.apple.product-type.application"; };
98F54143AB4E86B28C3AFEE0 = { isa = PBXProject; attributes = { LastUpgradeCheck = 2600; }; buildConfigurationList = 65F43380A7FDA05CA228D639; compatibilityVersion = "Xcode 14.0"; developmentRegion = "zh-Hans"; hasScannedForEncodings = 0; knownRegions = (en,"zh-Hans",Base); mainGroup = DC76E9F0C0006E8F919E0C51; productRefGroup = FBDC4F23F93125BBEEAE800C; projectDirPath = ""; projectRoot = ""; targets = (0E8A3AD980EC179856012B7E); };
}; rootObject = 98F54143AB4E86B28C3AFEE0; }
